
Microsoft Visual Studio Solution File, Format Version 12.00
# Visual Studio 2013
VisualStudioVersion = 12.0.40629.0
MinimumVisualStudioVersion = 10.0.40219.1
Project("{FAE04EC0-301F-11D3-BF4B-00C04F79EFBC}") = "GoHobby", "GoHobby\GoHobby.csproj", "{0C0F146A-C91F-4FA6-AEA6-B4899C5ABCF6}"
EndProject
Project("{FAE04EC0-301F-11D3-BF4B-00C04F79EFBC}") = "GoHobby.Tests", "GoHobby.Tests\GoHobby.Tests.csproj", "{D02ECAB9-CA46-4DD4-A1EA-20F278DB3F0D}"
EndProject
Global
	GlobalSection(SolutionConfigurationPlatforms) = preSolution
		Debug|Any CPU = Debug|Any CPU
		Release|Any CPU = Release|Any CPU
	EndGlobalSection
	GlobalSection(ProjectConfigurationPlatforms) = postSolution
		{0C0F146A-C91F-4FA6-AEA6-B4899C5ABCF6}.Debug|Any CPU.ActiveCfg = Debug|Any CPU
		{0C0F146A-C91F-4FA6-AEA6-B4899C5ABCF6}.Debug|Any CPU.Build.0 = Debug|Any CPU
		{0C0F146A-C91F-4FA6-AEA6-B4899C5ABCF6}.Release|Any CPU.ActiveCfg = Release|Any CPU
		{0C0F146A-C91F-4FA6-AEA6-B4899C5ABCF6}.Release|Any CPU.Build.0 = Release|Any CPU
		{D02ECAB9-CA46-4DD4-A1EA-20F278DB3F0D}.Debug|Any CPU.ActiveCfg = Debug|Any CPU
		{D02ECAB9-CA46-4DD4-A1EA-20F278DB3F0D}.Debug|Any CPU.Build.0 = Debug|Any CPU
		{D02ECAB9-CA46-4DD4-A1EA-20F278DB3F0D}.Release|Any CPU.ActiveCfg = Release|Any CPU
		{D02ECAB9-CA46-4DD4-A1EA-20F278DB3F0D}.Release|Any CPU.Build.0 = Release|Any CPU
	EndGlobalSection
	GlobalSection(SolutionProperties) = preSolution
		HideSolutionNode = FALSE
	EndGlobalSection
EndGlobal
